
Microsoft Visual Studio Solution File, Format Version 12.00
# Visual Studio Express 2012 for Windows Desktop
Project("{FAE04EC0-301F-11D3-BF4B-00C04F79EFBC}") = "HMSSS", "HMSSS\HMSSS.csproj", "{CA4BB606-50A8-4C42-922B-63898D13814B}"
EndProject
Global
	GlobalSection(SolutionConfigurationPlatforms) = preSolution
		Debug|Any CPU = Debug|Any CPU
		Release|Any CPU = Release|Any CPU
	EndGlobalSection
	GlobalSection(ProjectConfigurationPlatforms) = postSolution
		{CA4BB606-50A8-4C42-922B-63898D13814B}.Debug|Any CPU.ActiveCfg = Debug|Any CPU
		{CA4BB606-50A8-4C42-922B-63898D13814B}.Debug|Any CPU.Build.0 = Debug|Any CPU
		{CA4BB606-50A8-4C42-922B-63898D13814B}.Release|Any CPU.ActiveCfg = Release|Any CPU
		{CA4BB606-50A8-4C42-922B-63898D13814B}.Release|Any CPU.Build.0 = Release|Any CPU
	EndGlobalSection
	GlobalSection(SolutionProperties) = preSolution
		HideSolutionNode = FALSE
	EndGlobalSection
EndGlobal
